
Microsoft Visual Studio Solution File, Format Version 12.00
# Visual Studio 15
VisualStudioVersion = 15.0.28307.1062
MinimumVisualStudioVersion = 10.0.40219.1
Project("{9A19103F-16F7-4668-BE54-9A1E7A4F7556}") = "ChatAppV1", "ChatAppV1\ChatAppV1.csproj", "{3636C099-CCEB-4660-8DDA-5A5793419303}"
EndProject
Project("{9A19103F-16F7-4668-BE54-9A1E7A4F7556}") = "ChatAppV1.DataAccess", "ChatAppV1.DataAccess\ChatAppV1.DataAccess.csproj", "{A86BC641-0626-44BA-A78D-5120B3591E11}"
EndProject
Project("{9A19103F-16F7-4668-BE54-9A1E7A4F7556}") = "ChatAppV1.Core", "ChatAppV1.Core\ChatAppV1.Core.csproj", "{21769798-8D59-4D23-8FE5-AC77868687AD}"
EndProject
Project("{9A19103F-16F7-4668-BE54-9A1E7A4F7556}") = "ChatAppV1.Bot", "ChatAppV1.Bot\ChatAppV1.Bot.csproj", "{501293B5-6A64-430E-BE47-50F0A9165E2E}"
EndProject
Project("{FAE04EC0-301F-11D3-BF4B-00C04F79EFBC}") = "ChatAppV1.UnitTests", "ChatAppV1.UnitTests\ChatAppV1.UnitTests.csproj", "{BD5AE270-44BD-4F6C-89C5-92424B3AD4DA}"
EndProject
Global
	GlobalSection(SolutionConfigurationPlatforms) = preSolution
		Debug|Any CPU = Debug|Any CPU
		Release|Any CPU = Release|Any CPU
	EndGlobalSection
	GlobalSection(ProjectConfigurationPlatforms) = postSolution
		{3636C099-CCEB-4660-8DDA-5A5793419303}.Debug|Any CPU.ActiveCfg = Debug|Any CPU
		{3636C099-CCEB-4660-8DDA-5A5793419303}.Debug|Any CPU.Build.0 = Debug|Any CPU
		{3636C099-CCEB-4660-8DDA-5A5793419303}.Release|Any CPU.ActiveCfg = Release|Any CPU
		{3636C099-CCEB-4660-8DDA-5A5793419303}.Release|Any CPU.Build.0 = Release|Any CPU
		{A86BC641-0626-44BA-A78D-5120B3591E11}.Debug|Any CPU.ActiveCfg = Debug|Any CPU
		{A86BC641-0626-44BA-A78D-5120B3591E11}.Debug|Any CPU.Build.0 = Debug|Any CPU
		{A86BC641-0626-44BA-A78D-5120B3591E11}.Release|Any CPU.ActiveCfg = Release|Any CPU
		{A86BC641-0626-44BA-A78D-5120B3591E11}.Release|Any CPU.Build.0 = Release|Any CPU
		{21769798-8D59-4D23-8FE5-AC77868687AD}.Debug|Any CPU.ActiveCfg = Debug|Any CPU
		{21769798-8D59-4D23-8FE5-AC77868687AD}.Debug|Any CPU.Build.0 = Debug|Any CPU
		{21769798-8D59-4D23-8FE5-AC77868687AD}.Release|Any CPU.ActiveCfg = Release|Any CPU
		{21769798-8D59-4D23-8FE5-AC77868687AD}.Release|Any CPU.Build.0 = Release|Any CPU
		{501293B5-6A64-430E-BE47-50F0A9165E2E}.Debug|Any CPU.ActiveCfg = Debug|Any CPU
		{501293B5-6A64-430E-BE47-50F0A9165E2E}.Debug|Any CPU.Build.0 = Debug|Any CPU
		{501293B5-6A64-430E-BE47-50F0A9165E2E}.Release|Any CPU.ActiveCfg = Release|Any CPU
		{501293B5-6A64-430E-BE47-50F0A9165E2E}.Release|Any CPU.Build.0 = Release|Any CPU
		{BD5AE270-44BD-4F6C-89C5-92424B3AD4DA}.Debug|Any CPU.ActiveCfg = Debug|Any CPU
		{BD5AE270-44BD-4F6C-89C5-92424B3AD4DA}.Debug|Any CPU.Build.0 = Debug|Any CPU
		{BD5AE270-44BD-4F6C-89C5-92424B3AD4DA}.Release|Any CPU.ActiveCfg = Release|Any CPU
		{BD5AE270-44BD-4F6C-89C5-92424B3AD4DA}.Release|Any CPU.Build.0 = Release|Any CPU
	EndGlobalSection
	GlobalSection(SolutionProperties) = preSolution
		HideSolutionNode = FALSE
	EndGlobalSection
	GlobalSection(ExtensibilityGlobals) = postSolution
		SolutionGuid = {4769D7F2-2933-4045-820B-75175246A9E0}
	EndGlobalSection
EndGlobal
